
Microsoft Visual Studio Solution File, Format Version 12.00
# Visual Studio Version 16
VisualStudioVersion = 16.0.29102.190
MinimumVisualStudioVersion = 10.0.40219.1
Project("{FAE04EC0-301F-11D3-BF4B-00C04F79EFBC}") = "TrocaDeValores", "TrocaDeValores\TrocaDeValores.csproj", "{77FA10DB-C97A-45FB-B7B0-8F7A01D55939}"
EndProject
Project("{FAE04EC0-301F-11D3-BF4B-00C04F79EFBC}") = "RestoDaDivisao", "RestoDaDivisao\RestoDaDivisao.csproj", "{C8569A45-BFA0-439E-B747-6F914DE86233}"
EndProject
Global
	GlobalSection(SolutionConfigurationPlatforms) = preSolution
		Debug|Any CPU = Debug|Any CPU
		Release|Any CPU = Release|Any CPU
	EndGlobalSection
	GlobalSection(ProjectConfigurationPlatforms) = postSolution
		{77FA10DB-C97A-45FB-B7B0-8F7A01D55939}.Debug|Any CPU.ActiveCfg = Debug|Any CPU
		{77FA10DB-C97A-45FB-B7B0-8F7A01D55939}.Debug|Any CPU.Build.0 = Debug|Any CPU
		{77FA10DB-C97A-45FB-B7B0-8F7A01D55939}.Release|Any CPU.ActiveCfg = Release|Any CPU
		{77FA10DB-C97A-45FB-B7B0-8F7A01D55939}.Release|Any CPU.Build.0 = Release|Any CPU
		{C8569A45-BFA0-439E-B747-6F914DE86233}.Debug|Any CPU.ActiveCfg = Debug|Any CPU
		{C8569A45-BFA0-439E-B747-6F914DE86233}.Debug|Any CPU.Build.0 = Debug|Any CPU
		{C8569A45-BFA0-439E-B747-6F914DE86233}.Release|Any CPU.ActiveCfg = Release|Any CPU
		{C8569A45-BFA0-439E-B747-6F914DE86233}.Release|Any CPU.Build.0 = Release|Any CPU
	EndGlobalSection
	GlobalSection(SolutionProperties) = preSolution
		HideSolutionNode = FALSE
	EndGlobalSection
	GlobalSection(ExtensibilityGlobals) = postSolution
		SolutionGuid = {A12AF55B-5DED-4497-AA40-82A4F3721672}
	EndGlobalSection
EndGlobal
